{
	"name": "xlsx-style-h",
	"version": "0.0.1",
	"lockfileVersion": 1,
	"requires": true,
	"dependencies": {
		"@ungap/promise-all-settled": {
			"version": "1.1.2",
			"resolved": "http://npm.17zuoye.net/@ungap%2fpromise-all-settled/-/promise-all-settled-1.1.2.tgz",
			"integrity": "sha1-qlgEJxHW4ydd033Fl+XTHowpCkQ="
		},
		"adler-32": {
			"version": "1.3.1",
			"resolved": "http://npm.17zuoye.net/adler-32/-/adler-32-1.3.1.tgz",
			"integrity": "sha512-ynZ4w/nUUv5rrsR8UUGoe1VC9hZj6V5hU9Qw1HlMDJGEJw5S7TfTErWTjMys6M7vr0YWcPqs3qAr4ss0nDfP+A=="
		},
		"ansi-colors": {
			"version": "4.1.1",
			"resolved": "http://npm.17zuoye.net/ansi-colors/-/ansi-colors-4.1.1.tgz",
			"integrity": "sha1-y7muJWv3UK8eqzRPIpqif+lLo0g="
		},
		"ansi-regex": {
			"version": "5.0.1",
			"resolved": "http://npm.17zuoye.net/ansi-regex/-/ansi-regex-5.0.1.tgz",
			"integrity": "sha1-CCyyyJyf6GWaMRpTvWpNxTAdswQ="
		},
		"ansi-styles": {
			"version": "4.3.0",
			"resolved": "http://npm.17zuoye.net/ansi-styles/-/ansi-styles-4.3.0.tgz",
			"integrity": "sha1-7dgDYornHATIWuegkG7a00tkiTc=",
			"requires": {
				"color-convert": "^2.0.1"
			}
		},
		"anymatch": {
			"version": "3.1.2",
			"resolved": "http://npm.17zuoye.net/anymatch/-/anymatch-3.1.2.tgz",
			"integrity": "sha1-wFV8CWrzLxBhmPT04qODU343hxY=",
			"requires": {
				"normalize-path": "^3.0.0",
				"picomatch": "^2.0.4"
			}
		},
		"argparse": {
			"version": "2.0.1",
			"resolved": "http://npm.17zuoye.net/argparse/-/argparse-2.0.1.tgz",
			"integrity": "sha1-JG9Q88p4oyQPbJl+ipvR6sSeSzg="
		},
		"balanced-match": {
			"version": "1.0.2",
			"resolved": "http://npm.17zuoye.net/balanced-match/-/balanced-match-1.0.2.tgz",
			"integrity": "sha1-6D46fj8wCzTLnYf2FfoMvzV2kO4="
		},
		"binary-extensions": {
			"version": "2.2.0",
			"resolved": "http://npm.17zuoye.net/binary-extensions/-/binary-extensions-2.2.0.tgz",
			"integrity": "sha1-dfUC7q+f/eQvyYgpZFvk6na9ni0="
		},
		"boolbase": {
			"version": "1.0.0",
			"resolved": "http://npm.17zuoye.net/boolbase/-/boolbase-1.0.0.tgz",
			"integrity": "sha1-aN/1++YMUes3cl6p4+0xDcwed24=",
			"dev": true
		},
		"brace-expansion": {
			"version": "1.1.11",
			"resolved": "http://npm.17zuoye.net/brace-expansion/-/brace-expansion-1.1.11.tgz",
			"integrity": "sha1-PH/L9SnYcibz0vUrlm/1Jx60Qd0=",
			"requires": {
				"balanced-match": "^1.0.0",
				"concat-map": "0.0.1"
			}
		},
		"braces": {
			"version": "3.0.2",
			"resolved": "http://npm.17zuoye.net/braces/-/braces-3.0.2.tgz",
			"integrity": "sha1-NFThpGLujVmeI23zNs2epPiv4Qc=",
			"requires": {
				"fill-range": "^7.0.1"
			}
		},
		"browser-stdout": {
			"version": "1.3.1",
			"resolved": "http://npm.17zuoye.net/browser-stdout/-/browser-stdout-1.3.1.tgz",
			"integrity": "sha1-uqVZ7hTO1zRSIputcyZGfGH6vWA="
		},
		"camelcase": {
			"version": "6.3.0",
			"resolved": "http://npm.17zuoye.net/camelcase/-/camelcase-6.3.0.tgz",
			"integrity": "sha512-Gmy6FhYlCY7uOElZUSbxo2UCDH8owEk996gkbrpsgGtrJLM3J7jGxl9Ic7Qwwj4ivOE5AWZWRMecDdF7hqGjFA=="
		},
		"cfb": {
			"version": "0.10.3",
			"resolved": "https://registry.npmjs.org/cfb/-/cfb-0.10.3.tgz",
			"integrity": "sha1-OwvnFR0JugKIlKol+OuD8Nu+itk=",
			"requires": {
				"commander": "^9.3.0"
			}
		},
		"chalk": {
			"version": "4.1.2",
			"resolved": "http://npm.17zuoye.net/chalk/-/chalk-4.1.2.tgz",
			"integrity": "sha1-qsTit3NKdAhnrrFr8CqtVWoeegE=",
			"requires": {
				"ansi-styles": "^4.1.0",
				"supports-color": "^7.1.0"
			},
			"dependencies": {
				"supports-color": {
					"version": "7.2.0",
					"resolved": "http://npm.17zuoye.net/supports-color/-/supports-color-7.2.0.tgz",
					"integrity": "sha1-G33NyzK4E4gBs+R4umpRyqiWSNo=",
					"requires": {
						"has-flag": "^4.0.0"
					}
				}
			}
		},
		"cheerio": {
			"version": "0.19.0",
			"resolved": "http://npm.17zuoye.net/cheerio/-/cheerio-0.19.0.tgz",
			"integrity": "sha1-dy5wFfLuKZZQltcepBdbdas1SSU=",
			"dev": true,
			"requires": {
				"css-select": "~1.0.0",
				"dom-serializer": "~0.1.0",
				"entities": "~1.1.1",
				"htmlparser2": "~3.8.1",
				"lodash": "^3.2.0"
			},
			"dependencies": {
				"lodash": {
					"version": "3.10.1",
					"resolved": "http://npm.17zuoye.net/lodash/-/lodash-3.10.1.tgz",
					"integrity": "sha1-W/Rejkm6QYnhfUgnid/RW9FAt7Y=",
					"dev": true
				}
			}
		},
		"chokidar": {
			"version": "3.5.3",
			"resolved": "http://npm.17zuoye.net/chokidar/-/chokidar-3.5.3.tgz",
			"integrity": "sha512-Dr3sfKRP6oTcjf2JmUmFJfeVMvXBdegxB0iVQ5eb2V10uFJUCAS8OByZdVAyVb8xXNz3GjjTgj9kLWsZTqE6kw==",
			"requires": {
				"anymatch": "~3.1.2",
				"braces": "~3.0.2",
				"fsevents": "~2.3.2",
				"glob-parent": "~5.1.2",
				"is-binary-path": "~2.1.0",
				"is-glob": "~4.0.1",
				"normalize-path": "~3.0.0",
				"readdirp": "~3.6.0"
			}
		},
		"cliui": {
			"version": "7.0.4",
			"resolved": "http://npm.17zuoye.net/cliui/-/cliui-7.0.4.tgz",
			"integrity": "sha1-oCZe5lVHb8gHrqnfPfjfd4OAi08=",
			"requires": {
				"string-width": "^4.2.0",
				"strip-ansi": "^6.0.0",
				"wrap-ansi": "^7.0.0"
			}
		},
		"codepage": {
			"version": "1.3.8",
			"resolved": "https://registry.npmjs.org/codepage/-/codepage-1.3.8.tgz",
			"integrity": "sha1-Ty5dfAl13ij4hJgFjcta/KtqX3E=",
			"requires": {
				"commander": "^9.3.0",
				"concat-stream": "^1.4.7",
				"voc": "^0.5.0"
			},
			"dependencies": {
				"concat-stream": {
					"version": "1.4.7",
					"resolved": "https://registry.npmjs.org/concat-stream/-/concat-stream-1.4.7.tgz",
					"integrity": "sha1-DOqke4elgdKnp4K5K4HVAgw/mSU=",
					"requires": {
						"inherits": "~2.0.1",
						"readable-stream": "~1.1.9",
						"typedarray": "~0.0.5"
					},
					"dependencies": {
						"readable-stream": {
							"version": "1.1.13",
							"resolved": "https://registry.npmjs.org/readable-stream/-/readable-stream-1.1.13.tgz",
							"integrity": "sha1-9u73ZPUUyJ4rniMUanW6EGdW0j4=",
							"requires": {
								"core-util-is": "~1.0.0",
								"inherits": "~2.0.1",
								"isarray": "0.0.1",
								"string_decoder": "~0.10.x"
							},
							"dependencies": {
								"isarray": {
									"version": "0.0.1",
									"resolved": "https://registry.npmjs.org/isarray/-/isarray-0.0.1.tgz",
									"integrity": "sha1-ihis/Kmo9Bd+Cav8YDiTmwXR7t8="
								},
								"string_decoder": {
									"version": "0.10.31",
									"resolved": "https://registry.npmjs.org/string_decoder/-/string_decoder-0.10.31.tgz",
									"integrity": "sha1-YuIDvEF2bGwoyfyEMB2rHFMQ+pQ="
								}
							}
						},
						"typedarray": {
							"version": "0.0.6",
							"resolved": "https://registry.npmjs.org/typedarray/-/typedarray-0.0.6.tgz",
							"integrity": "sha1-hnrHTjhkGHsdPUfZlqeOxciDB3c="
						}
					}
				},
				"voc": {
					"version": "0.5.0",
					"resolved": "https://registry.npmjs.org/voc/-/voc-0.5.0.tgz",
					"integrity": "sha1-vmynx25KV9kwzID2sx+9gMqGBFw="
				}
			}
		},
		"color-convert": {
			"version": "2.0.1",
			"resolved": "http://npm.17zuoye.net/color-convert/-/color-convert-2.0.1.tgz",
			"integrity": "sha1-ctOmjVmMm9s68q0ehPIdiWq9TeM=",
			"requires": {
				"color-name": "~1.1.4"
			}
		},
		"color-name": {
			"version": "1.1.4",
			"resolved": "http://npm.17zuoye.net/color-name/-/color-name-1.1.4.tgz",
			"integrity": "sha1-wqCah6y95pVD3m9j+jmVyCbFNqI="
		},
		"commander": {
			"version": "9.3.0",
			"resolved": "http://npm.17zuoye.net/commander/-/commander-9.3.0.tgz",
			"integrity": "sha512-hv95iU5uXPbK83mjrJKuZyFM/LBAoCV/XhVGkS5Je6tl7sxr6A0ITMw5WoRV46/UaJ46Nllm3Xt7IaJhXTIkzw=="
		},
		"concat-map": {
			"version": "0.0.1",
			"resolved": "http://npm.17zuoye.net/concat-map/-/concat-map-0.0.1.tgz",
			"integrity": "sha1-2Klr13/Wjfd5OnMDajug1UBdR3s="
		},
		"core-util-is": {
			"version": "1.0.2",
			"resolved": "https://registry.npmjs.org/core-util-is/-/core-util-is-1.0.2.tgz",
			"integrity": "sha1-tf1UIgqivFq1eqtxQMlAdUUDwac="
		},
		"crc-32": {
			"version": "1.2.2",
			"resolved": "http://npm.17zuoye.net/crc-32/-/crc-32-1.2.2.tgz",
			"integrity": "sha512-ROmzCKrTnOwybPcJApAA6WBWij23HVfGVNKqqrZpuyZOHqK2CwHSvpGuyt/UNNvaIjEd8X5IFGp4Mh+Ie1IHJQ=="
		},
		"css-select": {
			"version": "1.0.0",
			"resolved": "http://npm.17zuoye.net/css-select/-/css-select-1.0.0.tgz",
			"integrity": "sha1-sRIcpRhI3SZOIkTQWM7iVN7rRLA=",
			"dev": true,
			"requires": {
				"boolbase": "~1.0.0",
				"css-what": "1.0",
				"domutils": "1.4",
				"nth-check": "~1.0.0"
			}
		},
		"css-what": {
			"version": "1.0.0",
			"resolved": "http://npm.17zuoye.net/css-what/-/css-what-1.0.0.tgz",
			"integrity": "sha1-18wt9FGAZm+Z0rFEYmOUaeAPc2w=",
			"dev": true
		},
		"debug": {
			"version": "4.3.4",
			"resolved": "http://npm.17zuoye.net/debug/-/debug-4.3.4.tgz",
			"integrity": "sha512-PRWFHuSU3eDtQJPvnNY7Jcket1j0t5OuOsFzPPzsekD52Zl8qUfFIPEiswXqIvHWGVHOgX+7G/vCNNhehwxfkQ==",
			"requires": {
				"ms": "2.1.2"
			},
			"dependencies": {
				"ms": {
					"version": "2.1.2",
					"resolved": "http://npm.17zuoye.net/ms/-/ms-2.1.2.tgz",
					"integrity": "sha1-0J0fNXtEP0kzgqjrPM0YOHKuYAk="
				}
			}
		},
		"decamelize": {
			"version": "4.0.0",
			"resolved": "http://npm.17zuoye.net/decamelize/-/decamelize-4.0.0.tgz",
			"integrity": "sha1-qkcte/Zg6xXzSU79UxyrfypwmDc="
		},
		"diff": {
			"version": "5.0.0",
			"resolved": "http://npm.17zuoye.net/diff/-/diff-5.0.0.tgz",
			"integrity": "sha1-ftatdthZ0DB4fsNYVfWx2vMdhSs="
		},
		"dom-serializer": {
			"version": "0.1.1",
			"resolved": "http://npm.17zuoye.net/dom-serializer/-/dom-serializer-0.1.1.tgz",
			"integrity": "sha1-HsQFnihLq+027sKUHUqXChic58A=",
			"dev": true,
			"requires": {
				"domelementtype": "^1.3.0",
				"entities": "^1.1.1"
			}
		},
		"domelementtype": {
			"version": "1.3.1",
			"resolved": "http://npm.17zuoye.net/domelementtype/-/domelementtype-1.3.1.tgz",
			"integrity": "sha1-0EjESzew0Qp/Kj1f7j9DM9eQSB8=",
			"dev": true
		},
		"domhandler": {
			"version": "2.3.0",
			"resolved": "http://npm.17zuoye.net/domhandler/-/domhandler-2.3.0.tgz",
			"integrity": "sha1-LeWaCCLVAn+r/28DLCsloqir5zg=",
			"dev": true,
			"requires": {
				"domelementtype": "1"
			}
		},
		"domutils": {
			"version": "1.4.3",
			"resolved": "http://npm.17zuoye.net/domutils/-/domutils-1.4.3.tgz",
			"integrity": "sha1-CGVRN5bGswYDGFDhdVFrr4C3Km8=",
			"dev": true,
			"requires": {
				"domelementtype": "1"
			}
		},
		"emoji-regex": {
			"version": "8.0.0",
			"resolved": "http://npm.17zuoye.net/emoji-regex/-/emoji-regex-8.0.0.tgz",
			"integrity": "sha1-6Bj9ac5cz8tARZT4QpY79TFkzDc="
		},
		"entities": {
			"version": "1.1.2",
			"resolved": "http://npm.17zuoye.net/entities/-/entities-1.1.2.tgz",
			"integrity": "sha1-vfpzUplmTfr9NFKe1PhSKidf6lY=",
			"dev": true
		},
		"escalade": {
			"version": "3.1.1",
			"resolved": "http://npm.17zuoye.net/escalade/-/escalade-3.1.1.tgz",
			"integrity": "sha1-2M/ccACWXFoBdLSoLqpcBVJ0LkA="
		},
		"escape-string-regexp": {
			"version": "4.0.0",
			"resolved": "http://npm.17zuoye.net/escape-string-regexp/-/escape-string-regexp-4.0.0.tgz",
			"integrity": "sha1-FLqDpdNz49MR5a/KKc9b+tllvzQ="
		},
		"fill-range": {
			"version": "7.0.1",
			"resolved": "http://npm.17zuoye.net/fill-range/-/fill-range-7.0.1.tgz",
			"integrity": "sha1-GRmmp8df44ssfHflGYU12prN2kA=",
			"requires": {
				"to-regex-range": "^5.0.1"
			}
		},
		"find-up": {
			"version": "5.0.0",
			"resolved": "http://npm.17zuoye.net/find-up/-/find-up-5.0.0.tgz",
			"integrity": "sha1-TJKBnstwg1YeT0okCoa+UZj1Nvw=",
			"requires": {
				"locate-path": "^6.0.0",
				"path-exists": "^4.0.0"
			}
		},
		"flat": {
			"version": "5.0.2",
			"resolved": "http://npm.17zuoye.net/flat/-/flat-5.0.2.tgz",
			"integrity": "sha1-jKb+MyBp/6nTJMMnGYxZglnOskE="
		},
		"frac": {
			"version": "1.1.2",
			"resolved": "http://npm.17zuoye.net/frac/-/frac-1.1.2.tgz",
			"integrity": "sha1-PXT39keMiKG1AgMG10fcYxPHTQs="
		},
		"fs.realpath": {
			"version": "1.0.0",
			"resolved": "http://npm.17zuoye.net/fs.realpath/-/fs.realpath-1.0.0.tgz",
			"integrity": "sha1-FQStJSMVjKpA20onh8sBQRmU6k8="
		},
		"fsevents": {
			"version": "2.3.2",
			"resolved": "http://npm.17zuoye.net/fsevents/-/fsevents-2.3.2.tgz",
			"integrity": "sha1-ilJveLj99GI7cJ4Ll1xSwkwC/Ro=",
			"optional": true
		},
		"get-caller-file": {
			"version": "2.0.5",
			"resolved": "http://npm.17zuoye.net/get-caller-file/-/get-caller-file-2.0.5.tgz",
			"integrity": "sha1-T5RBKoLbMvNuOwuXQfipf+sDH34="
		},
		"glob": {
			"version": "7.2.0",
			"resolved": "http://npm.17zuoye.net/glob/-/glob-7.2.0.tgz",
			"integrity": "sha1-0VU1r3cy4C6Uj0xBYovZECk/YCM=",
			"requires": {
				"fs.realpath": "^1.0.0",
				"inflight": "^1.0.4",
				"inherits": "2",
				"minimatch": "^3.0.4",
				"once": "^1.3.0",
				"path-is-absolute": "^1.0.0"
			},
			"dependencies": {
				"minimatch": {
					"version": "3.1.2",
					"resolved": "http://npm.17zuoye.net/minimatch/-/minimatch-3.1.2.tgz",
					"integrity": "sha512-J7p63hRiAjw1NDEww1W7i37+ByIrOWO5XQQAzZ3VOcL0PNybwpfmV/N05zFAzwQ9USyEcX6t3UO+K5aqBQOIHw==",
					"requires": {
						"brace-expansion": "^1.1.7"
					}
				}
			}
		},
		"glob-parent": {
			"version": "5.1.2",
			"resolved": "http://npm.17zuoye.net/glob-parent/-/glob-parent-5.1.2.tgz",
			"integrity": "sha1-hpgyxYA0/mikCTwX3BXoNA2EAcQ=",
			"requires": {
				"is-glob": "^4.0.1"
			}
		},
		"has-flag": {
			"version": "4.0.0",
			"resolved": "http://npm.17zuoye.net/has-flag/-/has-flag-4.0.0.tgz",
			"integrity": "sha1-lEdx/ZyByBJlxNaUGGDaBrtZR5s="
		},
		"he": {
			"version": "1.2.0",
			"resolved": "http://npm.17zuoye.net/he/-/he-1.2.0.tgz",
			"integrity": "sha1-hK5l+n6vsWX922FWauFLrwVmTw8="
		},
		"htmlparser2": {
			"version": "3.8.3",
			"resolved": "http://npm.17zuoye.net/htmlparser2/-/htmlparser2-3.8.3.tgz",
			"integrity": "sha1-mWwosZFRaovoZQGn15dX5ccMEGg=",
			"dev": true,
			"requires": {
				"domelementtype": "1",
				"domhandler": "2.3",
				"domutils": "1.5",
				"entities": "1.0",
				"readable-stream": "1.1"
			},
			"dependencies": {
				"domutils": {
					"version": "1.5.1",
					"resolved": "http://npm.17zuoye.net/domutils/-/domutils-1.5.1.tgz",
					"integrity": "sha1-3NhIiib1Y9YQeeSMn3t+Mjc2gs8=",
					"dev": true,
					"requires": {
						"dom-serializer": "0",
						"domelementtype": "1"
					}
				},
				"entities": {
					"version": "1.0.0",
					"resolved": "http://npm.17zuoye.net/entities/-/entities-1.0.0.tgz",
					"integrity": "sha1-sph6o4ITR/zeZCsk/fyeT7cSvyY=",
					"dev": true
				}
			}
		},
		"inflight": {
			"version": "1.0.6",
			"resolved": "http://npm.17zuoye.net/inflight/-/inflight-1.0.6.tgz",
			"integrity": "sha1-Sb1jMdfQLQwJvJEKEHW6gWW1bfk=",
			"requires": {
				"once": "^1.3.0",
				"wrappy": "1"
			}
		},
		"inherits": {
			"version": "2.0.3",
			"resolved": "https://registry.npmjs.org/inherits/-/inherits-2.0.3.tgz",
			"integrity": "sha1-Yzwsg+PaQqUC9SRmAiSA9CCCYd4="
		},
		"is-binary-path": {
			"version": "2.1.0",
			"resolved": "http://npm.17zuoye.net/is-binary-path/-/is-binary-path-2.1.0.tgz",
			"integrity": "sha1-6h9/O4DwZCNug0cPhsCcJU+0Wwk=",
			"requires": {
				"binary-extensions": "^2.0.0"
			}
		},
		"is-extglob": {
			"version": "2.1.1",
			"resolved": "http://npm.17zuoye.net/is-extglob/-/is-extglob-2.1.1.tgz",
			"integrity": "sha1-qIwCU1eR8C7TfHahueqXc8gz+MI="
		},
		"is-fullwidth-code-point": {
			"version": "3.0.0",
			"resolved": "http://npm.17zuoye.net/is-fullwidth-code-point/-/is-fullwidth-code-point-3.0.0.tgz",
			"integrity": "sha1-8Rb4Bk/pCz94RKOJl8C3UFEmnx0="
		},
		"is-glob": {
			"version": "4.0.3",
			"resolved": "http://npm.17zuoye.net/is-glob/-/is-glob-4.0.3.tgz",
			"integrity": "sha1-ZPYeQsu7LuwgcanawLKLoeZdUIQ=",
			"requires": {
				"is-extglob": "^2.1.1"
			}
		},
		"is-number": {
			"version": "7.0.0",
			"resolved": "http://npm.17zuoye.net/is-number/-/is-number-7.0.0.tgz",
			"integrity": "sha1-dTU0W4lnNNX4DE0GxQlVUnoU8Ss="
		},
		"is-plain-obj": {
			"version": "2.1.0",
			"resolved": "http://npm.17zuoye.net/is-plain-obj/-/is-plain-obj-2.1.0.tgz",
			"integrity": "sha1-ReQuN/zPH0Dajl927iFRWEDAkoc="
		},
		"is-unicode-supported": {
			"version": "0.1.0",
			"resolved": "http://npm.17zuoye.net/is-unicode-supported/-/is-unicode-supported-0.1.0.tgz",
			"integrity": "sha1-PybHaoCVk7Ur+i7LVxDtJ3m1Iqc="
		},
		"isarray": {
			"version": "0.0.1",
			"resolved": "http://npm.17zuoye.net/isarray/-/isarray-0.0.1.tgz",
			"integrity": "sha1-ihis/Kmo9Bd+Cav8YDiTmwXR7t8=",
			"dev": true
		},
		"js-yaml": {
			"version": "4.1.0",
			"resolved": "http://npm.17zuoye.net/js-yaml/-/js-yaml-4.1.0.tgz",
			"integrity": "sha1-wftl+PUBeQHN0slRhkuhhFihBgI=",
			"requires": {
				"argparse": "^2.0.1"
			}
		},
		"jszip": {
			"version": "2.4.0",
			"resolved": "https://registry.npmjs.org/jszip/-/jszip-2.4.0.tgz",
			"integrity": "sha1-SHqTt2w7/6bLCFzWHrk06r4tKU8=",
			"requires": {
				"pako": "~0.2.5"
			},
			"dependencies": {
				"pako": {
					"version": "0.2.5",
					"resolved": "https://registry.npmjs.org/pako/-/pako-0.2.5.tgz",
					"integrity": "sha1-Nt8ZRno4eRUumtzER4TwfQqAxSU="
				}
			}
		},
		"locate-path": {
			"version": "6.0.0",
			"resolved": "http://npm.17zuoye.net/locate-path/-/locate-path-6.0.0.tgz",
			"integrity": "sha1-VTIeswn+u8WcSAHZMackUqaB0oY=",
			"requires": {
				"p-locate": "^5.0.0"
			}
		},
		"log-symbols": {
			"version": "4.1.0",
			"resolved": "http://npm.17zuoye.net/log-symbols/-/log-symbols-4.1.0.tgz",
			"integrity": "sha1-P727lbRoOsn8eFER55LlWNSr1QM=",
			"requires": {
				"chalk": "^4.1.0",
				"is-unicode-supported": "^0.1.0"
			}
		},
		"minimatch": {
			"version": "5.0.1",
			"resolved": "http://npm.17zuoye.net/minimatch/-/minimatch-5.0.1.tgz",
			"integrity": "sha512-nLDxIFRyhDblz3qMuq+SoRZED4+miJ/G+tdDrjkkkRnjAsBexeGpgjLEQ0blJy7rHhR2b93rhQY4SvyWu9v03g==",
			"requires": {
				"brace-expansion": "^2.0.1"
			},
			"dependencies": {
				"brace-expansion": {
					"version": "2.0.1",
					"resolved": "http://npm.17zuoye.net/brace-expansion/-/brace-expansion-2.0.1.tgz",
					"integrity": "sha1-HtxFng8MVISG7Pn8mfIiE2S5oK4=",
					"requires": {
						"balanced-match": "^1.0.0"
					}
				}
			}
		},
		"mocha": {
			"version": "10.0.0",
			"resolved": "http://npm.17zuoye.net/mocha/-/mocha-10.0.0.tgz",
			"integrity": "sha512-0Wl+elVUD43Y0BqPZBzZt8Tnkw9CMUdNYnUsTfOM1vuhJVZL+kiesFYsqwBkEEuEixaiPe5ZQdqDgX2jddhmoA==",
			"requires": {
				"@ungap/promise-all-settled": "1.1.2",
				"ansi-colors": "4.1.1",
				"browser-stdout": "1.3.1",
				"chokidar": "3.5.3",
				"debug": "4.3.4",
				"diff": "5.0.0",
				"escape-string-regexp": "4.0.0",
				"find-up": "5.0.0",
				"glob": "7.2.0",
				"he": "1.2.0",
				"js-yaml": "4.1.0",
				"log-symbols": "4.1.0",
				"minimatch": "5.0.1",
				"ms": "2.1.3",
				"nanoid": "3.3.3",
				"serialize-javascript": "6.0.0",
				"strip-json-comments": "3.1.1",
				"supports-color": "8.1.1",
				"workerpool": "6.2.1",
				"yargs": "16.2.0",
				"yargs-parser": "20.2.4",
				"yargs-unparser": "2.0.0"
			}
		},
		"ms": {
			"version": "2.1.3",
			"resolved": "http://npm.17zuoye.net/ms/-/ms-2.1.3.tgz",
			"integrity": "sha1-V0yBOM4dK1hh8LRFedut1gxmFbI="
		},
		"nanoid": {
			"version": "3.3.3",
			"resolved": "http://npm.17zuoye.net/nanoid/-/nanoid-3.3.3.tgz",
			"integrity": "sha512-p1sjXuopFs0xg+fPASzQ28agW1oHD7xDsd9Xkf3T15H3c/cifrFHVwrh74PdoklAPi+i7MdRsE47vm2r6JoB+w=="
		},
		"normalize-path": {
			"version": "3.0.0",
			"resolved": "http://npm.17zuoye.net/normalize-path/-/normalize-path-3.0.0.tgz",
			"integrity": "sha1-Dc1p/yOhybEf0JeDFmRKA4ghamU="
		},
		"nth-check": {
			"version": "1.0.2",
			"resolved": "http://npm.17zuoye.net/nth-check/-/nth-check-1.0.2.tgz",
			"integrity": "sha1-sr0pXDfj3VijvwcAN2Zjuk2c8Fw=",
			"dev": true,
			"requires": {
				"boolbase": "~1.0.0"
			}
		},
		"once": {
			"version": "1.4.0",
			"resolved": "http://npm.17zuoye.net/once/-/once-1.4.0.tgz",
			"integrity": "sha1-WDsap3WWHUsROsF9nFC6753Xa9E=",
			"requires": {
				"wrappy": "1"
			}
		},
		"p-limit": {
			"version": "3.1.0",
			"resolved": "http://npm.17zuoye.net/p-limit/-/p-limit-3.1.0.tgz",
			"integrity": "sha1-4drMvnjQ0TiMoYxk/qOOPlfjcGs=",
			"requires": {
				"yocto-queue": "^0.1.0"
			}
		},
		"p-locate": {
			"version": "5.0.0",
			"resolved": "http://npm.17zuoye.net/p-locate/-/p-locate-5.0.0.tgz",
			"integrity": "sha1-g8gxXGeFAF470CGDlBHJ4RDm2DQ=",
			"requires": {
				"p-limit": "^3.0.2"
			}
		},
		"path-exists": {
			"version": "4.0.0",
			"resolved": "http://npm.17zuoye.net/path-exists/-/path-exists-4.0.0.tgz",
			"integrity": "sha1-UTvb4tO5XXdi6METfvoZXGxhtbM="
		},
		"path-is-absolute": {
			"version": "1.0.1",
			"resolved": "http://npm.17zuoye.net/path-is-absolute/-/path-is-absolute-1.0.1.tgz",
			"integrity": "sha1-F0uSaHNVNP+8es5r9TpanhtcX18="
		},
		"picomatch": {
			"version": "2.3.1",
			"resolved": "http://npm.17zuoye.net/picomatch/-/picomatch-2.3.1.tgz",
			"integrity": "sha512-JU3teHTNjmE2VCGFzuY8EXzCDVwEqB2a8fsIvwaStHhAWJEeVd1o1QD80CU6+ZdEXXSLbSsuLwJjkCBWqRQUVA=="
		},
		"randombytes": {
			"version": "2.1.0",
			"resolved": "http://npm.17zuoye.net/randombytes/-/randombytes-2.1.0.tgz",
			"integrity": "sha1-32+ENy8CcNxlzfYpE0mrekc9Tyo=",
			"requires": {
				"safe-buffer": "^5.1.0"
			}
		},
		"readable-stream": {
			"version": "1.1.14",
			"resolved": "http://npm.17zuoye.net/readable-stream/-/readable-stream-1.1.14.tgz",
			"integrity": "sha1-fPTFTvZI44EwhMY23SB54WbAgdk=",
			"dev": true,
			"requires": {
				"core-util-is": "~1.0.0",
				"inherits": "~2.0.1",
				"isarray": "0.0.1",
				"string_decoder": "~0.10.x"
			}
		},
		"readdirp": {
			"version": "3.6.0",
			"resolved": "http://npm.17zuoye.net/readdirp/-/readdirp-3.6.0.tgz",
			"integrity": "sha1-dKNwvYVxFuJFspzJc0DNQxoCpsc=",
			"requires": {
				"picomatch": "^2.2.1"
			}
		},
		"require-directory": {
			"version": "2.1.1",
			"resolved": "http://npm.17zuoye.net/require-directory/-/require-directory-2.1.1.tgz",
			"integrity": "sha1-jGStX9MNqxyXbiNE/+f3kqam30I="
		},
		"safe-buffer": {
			"version": "5.2.1",
			"resolved": "http://npm.17zuoye.net/safe-buffer/-/safe-buffer-5.2.1.tgz",
			"integrity": "sha1-Hq+fqb2x/dTsdfWPnNtOa3gn7sY="
		},
		"serialize-javascript": {
			"version": "6.0.0",
			"resolved": "http://npm.17zuoye.net/serialize-javascript/-/serialize-javascript-6.0.0.tgz",
			"integrity": "sha1-765diPRdeSQUHai1w6en5mP+/rg=",
			"requires": {
				"randombytes": "^2.1.0"
			}
		},
		"ssf": {
			"version": "0.8.2",
			"resolved": "https://registry.npmjs.org/ssf/-/ssf-0.8.2.tgz",
			"integrity": "sha1-udTcahwbz3b4q/qW19dlb7Kr7NY=",
			"requires": {
				"colors": "0.6.2",
				"frac": "0.3.1",
				"voc": "^0.5.0"
			},
			"dependencies": {
				"colors": {
					"version": "0.6.2",
					"resolved": "https://registry.npmjs.org/colors/-/colors-0.6.2.tgz",
					"integrity": "sha1-JCP+ZnisDF2uiFLl0OW+CMmXq8w="
				},
				"frac": {
					"version": "0.3.1",
					"resolved": "https://registry.npmjs.org/frac/-/frac-0.3.1.tgz",
					"integrity": "sha1-V3Z3t/3L5vr3xGHxgB00E3zaQ1Q="
				},
				"voc": {
					"version": "0.5.0",
					"resolved": "https://registry.npmjs.org/voc/-/voc-0.5.0.tgz",
					"integrity": "sha1-vmynx25KV9kwzID2sx+9gMqGBFw="
				}
			}
		},
		"string-width": {
			"version": "4.2.3",
			"resolved": "http://npm.17zuoye.net/string-width/-/string-width-4.2.3.tgz",
			"integrity": "sha512-wKyQRQpjJ0sIp62ErSZdGsjMJWsap5oRNihHhu6G7JVO/9jIB6UyevL+tXuOqrng8j/cxKTWyWUwvSTriiZz/g==",
			"requires": {
				"emoji-regex": "^8.0.0",
				"is-fullwidth-code-point": "^3.0.0",
				"strip-ansi": "^6.0.1"
			}
		},
		"string_decoder": {
			"version": "0.10.31",
			"resolved": "http://npm.17zuoye.net/string_decoder/-/string_decoder-0.10.31.tgz",
			"integrity": "sha1-YuIDvEF2bGwoyfyEMB2rHFMQ+pQ=",
			"dev": true
		},
		"strip-ansi": {
			"version": "6.0.1",
			"resolved": "http://npm.17zuoye.net/strip-ansi/-/strip-ansi-6.0.1.tgz",
			"integrity": "sha512-Y38VPSHcqkFrCpFnQ9vuSXmquuv5oXOKpGeT6aGrr3o3Gc9AlVa6JBfUSOCnbxGGZF+/0ooI7KrPuUSztUdU5A==",
			"requires": {
				"ansi-regex": "^5.0.1"
			}
		},
		"strip-json-comments": {
			"version": "3.1.1",
			"resolved": "http://npm.17zuoye.net/strip-json-comments/-/strip-json-comments-3.1.1.tgz",
			"integrity": "sha1-MfEoGzgyYwQ0gxwxDAHMzajL4AY="
		},
		"supports-color": {
			"version": "8.1.1",
			"resolved": "http://npm.17zuoye.net/supports-color/-/supports-color-8.1.1.tgz",
			"integrity": "sha1-zW/BfihQDP9WwbhsCn/UpUpzAFw=",
			"requires": {
				"has-flag": "^4.0.0"
			}
		},
		"to-regex-range": {
			"version": "5.0.1",
			"resolved": "http://npm.17zuoye.net/to-regex-range/-/to-regex-range-5.0.1.tgz",
			"integrity": "sha1-FkjESq58jZiKMmAY7XL1tN0DkuQ=",
			"requires": {
				"is-number": "^7.0.0"
			}
		},
		"uglify-js": {
			"version": "3.16.0",
			"resolved": "http://npm.17zuoye.net/uglify-js/-/uglify-js-3.16.0.tgz",
			"integrity": "sha512-FEikl6bR30n0T3amyBh3LoiBdqHRy/f4H80+My34HOesOKyHfOsxAPAxOoqC0JUnC1amnO0IwkYC3sko51caSw=="
		},
		"wmf": {
			"version": "1.0.2",
			"resolved": "http://npm.17zuoye.net/wmf/-/wmf-1.0.2.tgz",
			"integrity": "sha1-fRnWIQcaCMK9xrfmiKnENSmMwto="
		},
		"word": {
			"version": "0.3.0",
			"resolved": "http://npm.17zuoye.net/word/-/word-0.3.0.tgz",
			"integrity": "sha1-hUIVfk+OhJ9KNjooiZLUdhLbmWE="
		},
		"workerpool": {
			"version": "6.2.1",
			"resolved": "http://npm.17zuoye.net/workerpool/-/workerpool-6.2.1.tgz",
			"integrity": "sha512-ILEIE97kDZvF9Wb9f6h5aXK4swSlKGUcOEGiIYb2OOu/IrDU9iwj0fD//SsA6E5ibwJxpEvhullJY4Sl4GcpAw=="
		},
		"wrap-ansi": {
			"version": "7.0.0",
			"resolved": "http://npm.17zuoye.net/wrap-ansi/-/wrap-ansi-7.0.0.tgz",
			"integrity": "sha1-Z+FFz/UQpqaYS98RUpEdadLrnkM=",
			"requires": {
				"ansi-styles": "^4.0.0",
				"string-width": "^4.1.0",
				"strip-ansi": "^6.0.0"
			}
		},
		"wrappy": {
			"version": "1.0.2",
			"resolved": "http://npm.17zuoye.net/wrappy/-/wrappy-1.0.2.tgz",
			"integrity": "sha1-tSQ9jz7BqjXxNkYFvA0QNuMKtp8="
		},
		"xlsjs": {
			"version": "1.0.1",
			"resolved": "http://npm.17zuoye.net/xlsjs/-/xlsjs-1.0.1.tgz",
			"integrity": "sha1-ZUonY8XJZGMozN1/m2XG7UdNXg8=",
			"requires": {
				"xlsx": "^0.18.5"
			}
		},
		"xlsx": {
			"version": "0.18.5",
			"resolved": "http://npm.17zuoye.net/xlsx/-/xlsx-0.18.5.tgz",
			"integrity": "sha512-dmg3LCjBPHZnQp5/F/+nnTa+miPJxUXB6vtk42YjBBKayDNagxGEeIdWApkYPOf3Z3pm3k62Knjzp7lMeTEtFQ==",
			"requires": {
				"adler-32": "~1.3.0",
				"cfb": "~1.2.1",
				"codepage": "~1.15.0",
				"crc-32": "~1.2.1",
				"ssf": "~0.11.2",
				"wmf": "~1.0.1",
				"word": "~0.3.0"
			},
			"dependencies": {
				"cfb": {
					"version": "1.2.2",
					"resolved": "http://npm.17zuoye.net/cfb/-/cfb-1.2.2.tgz",
					"integrity": "sha512-KfdUZsSOw19/ObEWasvBP/Ac4reZvAGauZhs6S/gqNhXhI7cKwvlH7ulj+dOEYnca4bm4SGo8C1bTAQvnTjgQA==",
					"requires": {
						"adler-32": "~1.3.0",
						"crc-32": "~1.2.0"
					}
				},
				"codepage": {
					"version": "1.15.0",
					"resolved": "http://npm.17zuoye.net/codepage/-/codepage-1.15.0.tgz",
					"integrity": "sha1-LgBRkCSzlCTsZu6z7AcifmkmGKs="
				},
				"ssf": {
					"version": "0.11.2",
					"resolved": "http://npm.17zuoye.net/ssf/-/ssf-0.11.2.tgz",
					"integrity": "sha1-C5lpiyN1SNCI/EPN8rcMGnUSwGw=",
					"requires": {
						"frac": "~1.1.2"
					}
				}
			}
		},
		"y18n": {
			"version": "5.0.8",
			"resolved": "http://npm.17zuoye.net/y18n/-/y18n-5.0.8.tgz",
			"integrity": "sha1-f0k00PfKjFb5UxSTndzS3ZHOHVU="
		},
		"yargs": {
			"version": "16.2.0",
			"resolved": "http://npm.17zuoye.net/yargs/-/yargs-16.2.0.tgz",
			"integrity": "sha1-HIK/D2tqZur85+8w43b0mhJHf2Y=",
			"requires": {
				"cliui": "^7.0.2",
				"escalade": "^3.1.1",
				"get-caller-file": "^2.0.5",
				"require-directory": "^2.1.1",
				"string-width": "^4.2.0",
				"y18n": "^5.0.5",
				"yargs-parser": "^20.2.2"
			}
		},
		"yargs-parser": {
			"version": "20.2.4",
			"resolved": "http://npm.17zuoye.net/yargs-parser/-/yargs-parser-20.2.4.tgz",
			"integrity": "sha1-tCiQ8UVmeW+Fro46JSkNIF8VSlQ="
		},
		"yargs-unparser": {
			"version": "2.0.0",
			"resolved": "http://npm.17zuoye.net/yargs-unparser/-/yargs-unparser-2.0.0.tgz",
			"integrity": "sha1-8TH5ImkRrl2a04xDL+gJNmwjJes=",
			"requires": {
				"camelcase": "^6.0.0",
				"decamelize": "^4.0.0",
				"flat": "^5.0.2",
				"is-plain-obj": "^2.1.0"
			}
		},
		"yocto-queue": {
			"version": "0.1.0",
			"resolved": "http://npm.17zuoye.net/yocto-queue/-/yocto-queue-0.1.0.tgz",
			"integrity": "sha1-ApTrPe4FAo0x7hpfosVWpqrxChs="
		}
	}
}
